
Microsoft Visual Studio Solution File, Format Version 12.00
# Visual Studio 15
VisualStudioVersion = 15.0.27703.2018
MinimumVisualStudioVersion = 10.0.40219.1
Project("{FAE04EC0-301F-11D3-BF4B-00C04F79EFBC}") = "数组", "数组\数组.csproj", "{256A7E80-C1E4-4042-8EAB-BDD180374E92}"
EndProject
Project("{2150E333-8FDC-42A3-9474-1A3956D46DE8}") = "数组", "数组", "{1BF63BAA-1AEA-4ACF-AE82-6DFBF2DF9721}"
EndProject
Project("{FAE04EC0-301F-11D3-BF4B-00C04F79EFBC}") = "数组旋转", "数组旋转\数组旋转.csproj", "{4CE1C699-3103-408E-BEE1-4FF11DF33C6D}"
EndProject
Project("{FAE04EC0-301F-11D3-BF4B-00C04F79EFBC}") = "ContainsDuplicate", "ContainsDuplicate\ContainsDuplicate.csproj", "{E0DBA792-DEBE-4062-AD8F-5E4CD4B876A1}"
EndProject
Project("{FAE04EC0-301F-11D3-BF4B-00C04F79EFBC}") = "只出现一次的数字", "只出现一次的数字\只出现一次的数字.csproj", "{E8877DC4-7F7F-4D47-B4D7-37136CD297EF}"
EndProject
Project("{FAE04EC0-301F-11D3-BF4B-00C04F79EFBC}") = "两个数组的交集", "两个数组的交集\两个数组的交集.csproj", "{6D28C59E-CF80-4603-AA17-4F999C2EEF9F}"
EndProject
Project("{FAE04EC0-301F-11D3-BF4B-00C04F79EFBC}") = "PlusOne", "PlusOne\PlusOne.csproj", "{18E5539F-2802-4ACD-B3F5-B6E732ECC7BE}"
EndProject
Project("{FAE04EC0-301F-11D3-BF4B-00C04F79EFBC}") = "MoveZeros", "MoveZeros\MoveZeros.csproj", "{8EDEC549-4DD9-4D3E-B737-DBC8CCD0F208}"
EndProject
Project("{FAE04EC0-301F-11D3-BF4B-00C04F79EFBC}") = "TwoSum", "TwoSum\TwoSum.csproj", "{B2647708-87B1-4937-8ED4-A76AD24D2091}"
EndProject
Project("{FAE04EC0-301F-11D3-BF4B-00C04F79EFBC}") = "IsValidSudoku", "IsValidSudoku\IsValidSudoku.csproj", "{54BF515B-8EC6-4B80-AFAC-77C580EE903E}"
EndProject
Project("{FAE04EC0-301F-11D3-BF4B-00C04F79EFBC}") = "Rotate", "Rotate\Rotate.csproj", "{89149E92-7C30-4CFA-B92B-6532844BCE59}"
EndProject
Project("{FAE04EC0-301F-11D3-BF4B-00C04F79EFBC}") = "反转字符串", "反转字符串\反转字符串.csproj", "{14848C67-1C40-45D9-93BB-22EC50B1DA5F}"
EndProject
Project("{FAE04EC0-301F-11D3-BF4B-00C04F79EFBC}") = "颠倒整数", "颠倒整数\颠倒整数.csproj", "{778511F6-D1C4-4C03-B5B0-DF7816C8F600}"
EndProject
Project("{FAE04EC0-301F-11D3-BF4B-00C04F79EFBC}") = "FirstUniqChar", "FirstUniqChar\FirstUniqChar.csproj", "{F83149A5-66F9-4C7E-916E-F7EF8179C144}"
EndProject
Project("{2150E333-8FDC-42A3-9474-1A3956D46DE8}") = "字符串", "字符串", "{B1F430F6-BBD4-4EB8-867F-AE21898367EC}"
EndProject
Project("{FAE04EC0-301F-11D3-BF4B-00C04F79EFBC}") = "IsAnagram", "IsAnagram\IsAnagram.csproj", "{718E5902-4895-42E5-B8C0-7013B907D690}"
EndProject
Project("{FAE04EC0-301F-11D3-BF4B-00C04F79EFBC}") = "IsPalindrome", "IsPalindrome\IsPalindrome.csproj", "{079C7A6A-7B32-45D3-8A7C-1350FBBA4B77}"
EndProject
Project("{FAE04EC0-301F-11D3-BF4B-00C04F79EFBC}") = "MyAtoi", "MyAtoi\MyAtoi.csproj", "{3B46AE59-7075-4D97-BB40-E02B333A3CA7}"
EndProject
Global
	GlobalSection(SolutionConfigurationPlatforms) = preSolution
		Debug|Any CPU = Debug|Any CPU
		Debug|x64 = Debug|x64
		Release|Any CPU = Release|Any CPU
		Release|x64 = Release|x64
	EndGlobalSection
	GlobalSection(ProjectConfigurationPlatforms) = postSolution
		{256A7E80-C1E4-4042-8EAB-BDD180374E92}.Debug|Any CPU.ActiveCfg = Debug|Any CPU
		{256A7E80-C1E4-4042-8EAB-BDD180374E92}.Debug|Any CPU.Build.0 = Debug|Any CPU
		{256A7E80-C1E4-4042-8EAB-BDD180374E92}.Debug|x64.ActiveCfg = Debug|Any CPU
		{256A7E80-C1E4-4042-8EAB-BDD180374E92}.Debug|x64.Build.0 = Debug|Any CPU
		{256A7E80-C1E4-4042-8EAB-BDD180374E92}.Release|Any CPU.ActiveCfg = Release|Any CPU
		{256A7E80-C1E4-4042-8EAB-BDD180374E92}.Release|Any CPU.Build.0 = Release|Any CPU
		{256A7E80-C1E4-4042-8EAB-BDD180374E92}.Release|x64.ActiveCfg = Release|Any CPU
		{256A7E80-C1E4-4042-8EAB-BDD180374E92}.Release|x64.Build.0 = Release|Any CPU
		{4CE1C699-3103-408E-BEE1-4FF11DF33C6D}.Debug|Any CPU.ActiveCfg = Debug|Any CPU
		{4CE1C699-3103-408E-BEE1-4FF11DF33C6D}.Debug|Any CPU.Build.0 = Debug|Any CPU
		{4CE1C699-3103-408E-BEE1-4FF11DF33C6D}.Debug|x64.ActiveCfg = Debug|Any CPU
		{4CE1C699-3103-408E-BEE1-4FF11DF33C6D}.Debug|x64.Build.0 = Debug|Any CPU
		{4CE1C699-3103-408E-BEE1-4FF11DF33C6D}.Release|Any CPU.ActiveCfg = Release|Any CPU
		{4CE1C699-3103-408E-BEE1-4FF11DF33C6D}.Release|Any CPU.Build.0 = Release|Any CPU
		{4CE1C699-3103-408E-BEE1-4FF11DF33C6D}.Release|x64.ActiveCfg = Release|Any CPU
		{4CE1C699-3103-408E-BEE1-4FF11DF33C6D}.Release|x64.Build.0 = Release|Any CPU
		{E0DBA792-DEBE-4062-AD8F-5E4CD4B876A1}.Debug|Any CPU.ActiveCfg = Debug|Any CPU
		{E0DBA792-DEBE-4062-AD8F-5E4CD4B876A1}.Debug|Any CPU.Build.0 = Debug|Any CPU
		{E0DBA792-DEBE-4062-AD8F-5E4CD4B876A1}.Debug|x64.ActiveCfg = Debug|Any CPU
		{E0DBA792-DEBE-4062-AD8F-5E4CD4B876A1}.Debug|x64.Build.0 = Debug|Any CPU
		{E0DBA792-DEBE-4062-AD8F-5E4CD4B876A1}.Release|Any CPU.ActiveCfg = Release|Any CPU
		{E0DBA792-DEBE-4062-AD8F-5E4CD4B876A1}.Release|Any CPU.Build.0 = Release|Any CPU
		{E0DBA792-DEBE-4062-AD8F-5E4CD4B876A1}.Release|x64.ActiveCfg = Release|Any CPU
		{E0DBA792-DEBE-4062-AD8F-5E4CD4B876A1}.Release|x64.Build.0 = Release|Any CPU
		{E8877DC4-7F7F-4D47-B4D7-37136CD297EF}.Debug|Any CPU.ActiveCfg = Debug|Any CPU
		{E8877DC4-7F7F-4D47-B4D7-37136CD297EF}.Debug|Any CPU.Build.0 = Debug|Any CPU
		{E8877DC4-7F7F-4D47-B4D7-37136CD297EF}.Debug|x64.ActiveCfg = Debug|Any CPU
		{E8877DC4-7F7F-4D47-B4D7-37136CD297EF}.Debug|x64.Build.0 = Debug|Any CPU
		{E8877DC4-7F7F-4D47-B4D7-37136CD297EF}.Release|Any CPU.ActiveCfg = Release|Any CPU
		{E8877DC4-7F7F-4D47-B4D7-37136CD297EF}.Release|Any CPU.Build.0 = Release|Any CPU
		{E8877DC4-7F7F-4D47-B4D7-37136CD297EF}.Release|x64.ActiveCfg = Release|Any CPU
		{E8877DC4-7F7F-4D47-B4D7-37136CD297EF}.Release|x64.Build.0 = Release|Any CPU
		{6D28C59E-CF80-4603-AA17-4F999C2EEF9F}.Debug|Any CPU.ActiveCfg = Debug|Any CPU
		{6D28C59E-CF80-4603-AA17-4F999C2EEF9F}.Debug|Any CPU.Build.0 = Debug|Any CPU
		{6D28C59E-CF80-4603-AA17-4F999C2EEF9F}.Debug|x64.ActiveCfg = Debug|Any CPU
		{6D28C59E-CF80-4603-AA17-4F999C2EEF9F}.Debug|x64.Build.0 = Debug|Any CPU
		{6D28C59E-CF80-4603-AA17-4F999C2EEF9F}.Release|Any CPU.ActiveCfg = Release|Any CPU
		{6D28C59E-CF80-4603-AA17-4F999C2EEF9F}.Release|Any CPU.Build.0 = Release|Any CPU
		{6D28C59E-CF80-4603-AA17-4F999C2EEF9F}.Release|x64.ActiveCfg = Release|Any CPU
		{6D28C59E-CF80-4603-AA17-4F999C2EEF9F}.Release|x64.Build.0 = Release|Any CPU
		{18E5539F-2802-4ACD-B3F5-B6E732ECC7BE}.Debug|Any CPU.ActiveCfg = Debug|Any CPU
		{18E5539F-2802-4ACD-B3F5-B6E732ECC7BE}.Debug|Any CPU.Build.0 = Debug|Any CPU
		{18E5539F-2802-4ACD-B3F5-B6E732ECC7BE}.Debug|x64.ActiveCfg = Debug|Any CPU
		{18E5539F-2802-4ACD-B3F5-B6E732ECC7BE}.Debug|x64.Build.0 = Debug|Any CPU
		{18E5539F-2802-4ACD-B3F5-B6E732ECC7BE}.Release|Any CPU.ActiveCfg = Release|Any CPU
		{18E5539F-2802-4ACD-B3F5-B6E732ECC7BE}.Release|Any CPU.Build.0 = Release|Any CPU
		{18E5539F-2802-4ACD-B3F5-B6E732ECC7BE}.Release|x64.ActiveCfg = Release|Any CPU
		{18E5539F-2802-4ACD-B3F5-B6E732ECC7BE}.Release|x64.Build.0 = Release|Any CPU
		{8EDEC549-4DD9-4D3E-B737-DBC8CCD0F208}.Debug|Any CPU.ActiveCfg = Debug|Any CPU
		{8EDEC549-4DD9-4D3E-B737-DBC8CCD0F208}.Debug|Any CPU.Build.0 = Debug|Any CPU
		{8EDEC549-4DD9-4D3E-B737-DBC8CCD0F208}.Debug|x64.ActiveCfg = Debug|Any CPU
		{8EDEC549-4DD9-4D3E-B737-DBC8CCD0F208}.Debug|x64.Build.0 = Debug|Any CPU
		{8EDEC549-4DD9-4D3E-B737-DBC8CCD0F208}.Release|Any CPU.ActiveCfg = Release|Any CPU
		{8EDEC549-4DD9-4D3E-B737-DBC8CCD0F208}.Release|Any CPU.Build.0 = Release|Any CPU
		{8EDEC549-4DD9-4D3E-B737-DBC8CCD0F208}.Release|x64.ActiveCfg = Release|Any CPU
		{8EDEC549-4DD9-4D3E-B737-DBC8CCD0F208}.Release|x64.Build.0 = Release|Any CPU
		{B2647708-87B1-4937-8ED4-A76AD24D2091}.Debug|Any CPU.ActiveCfg = Debug|Any CPU
		{B2647708-87B1-4937-8ED4-A76AD24D2091}.Debug|Any CPU.Build.0 = Debug|Any CPU
		{B2647708-87B1-4937-8ED4-A76AD24D2091}.Debug|x64.ActiveCfg = Debug|Any CPU
		{B2647708-87B1-4937-8ED4-A76AD24D2091}.Debug|x64.Build.0 = Debug|Any CPU
		{B2647708-87B1-4937-8ED4-A76AD24D2091}.Release|Any CPU.ActiveCfg = Release|Any CPU
		{B2647708-87B1-4937-8ED4-A76AD24D2091}.Release|Any CPU.Build.0 = Release|Any CPU
		{B2647708-87B1-4937-8ED4-A76AD24D2091}.Release|x64.ActiveCfg = Release|Any CPU
		{B2647708-87B1-4937-8ED4-A76AD24D2091}.Release|x64.Build.0 = Release|Any CPU
		{54BF515B-8EC6-4B80-AFAC-77C580EE903E}.Debug|Any CPU.ActiveCfg = Debug|Any CPU
		{54BF515B-8EC6-4B80-AFAC-77C580EE903E}.Debug|Any CPU.Build.0 = Debug|Any CPU
		{54BF515B-8EC6-4B80-AFAC-77C580EE903E}.Debug|x64.ActiveCfg = Debug|Any CPU
		{54BF515B-8EC6-4B80-AFAC-77C580EE903E}.Debug|x64.Build.0 = Debug|Any CPU
		{54BF515B-8EC6-4B80-AFAC-77C580EE903E}.Release|Any CPU.ActiveCfg = Release|Any CPU
		{54BF515B-8EC6-4B80-AFAC-77C580EE903E}.Release|Any CPU.Build.0 = Release|Any CPU
		{54BF515B-8EC6-4B80-AFAC-77C580EE903E}.Release|x64.ActiveCfg = Release|Any CPU
		{54BF515B-8EC6-4B80-AFAC-77C580EE903E}.Release|x64.Build.0 = Release|Any CPU
		{89149E92-7C30-4CFA-B92B-6532844BCE59}.Debug|Any CPU.ActiveCfg = Debug|Any CPU
		{89149E92-7C30-4CFA-B92B-6532844BCE59}.Debug|Any CPU.Build.0 = Debug|Any CPU
		{89149E92-7C30-4CFA-B92B-6532844BCE59}.Debug|x64.ActiveCfg = Debug|Any CPU
		{89149E92-7C30-4CFA-B92B-6532844BCE59}.Debug|x64.Build.0 = Debug|Any CPU
		{89149E92-7C30-4CFA-B92B-6532844BCE59}.Release|Any CPU.ActiveCfg = Release|Any CPU
		{89149E92-7C30-4CFA-B92B-6532844BCE59}.Release|Any CPU.Build.0 = Release|Any CPU
		{89149E92-7C30-4CFA-B92B-6532844BCE59}.Release|x64.ActiveCfg = Release|Any CPU
		{89149E92-7C30-4CFA-B92B-6532844BCE59}.Release|x64.Build.0 = Release|Any CPU
		{14848C67-1C40-45D9-93BB-22EC50B1DA5F}.Debug|Any CPU.ActiveCfg = Debug|Any CPU
		{14848C67-1C40-45D9-93BB-22EC50B1DA5F}.Debug|Any CPU.Build.0 = Debug|Any CPU
		{14848C67-1C40-45D9-93BB-22EC50B1DA5F}.Debug|x64.ActiveCfg = Debug|Any CPU
		{14848C67-1C40-45D9-93BB-22EC50B1DA5F}.Debug|x64.Build.0 = Debug|Any CPU
		{14848C67-1C40-45D9-93BB-22EC50B1DA5F}.Release|Any CPU.ActiveCfg = Release|Any CPU
		{14848C67-1C40-45D9-93BB-22EC50B1DA5F}.Release|Any CPU.Build.0 = Release|Any CPU
		{14848C67-1C40-45D9-93BB-22EC50B1DA5F}.Release|x64.ActiveCfg = Release|Any CPU
		{14848C67-1C40-45D9-93BB-22EC50B1DA5F}.Release|x64.Build.0 = Release|Any CPU
		{778511F6-D1C4-4C03-B5B0-DF7816C8F600}.Debug|Any CPU.ActiveCfg = Debug|Any CPU
		{778511F6-D1C4-4C03-B5B0-DF7816C8F600}.Debug|Any CPU.Build.0 = Debug|Any CPU
		{778511F6-D1C4-4C03-B5B0-DF7816C8F600}.Debug|x64.ActiveCfg = Debug|Any CPU
		{778511F6-D1C4-4C03-B5B0-DF7816C8F600}.Debug|x64.Build.0 = Debug|Any CPU
		{778511F6-D1C4-4C03-B5B0-DF7816C8F600}.Release|Any CPU.ActiveCfg = Release|Any CPU
		{778511F6-D1C4-4C03-B5B0-DF7816C8F600}.Release|Any CPU.Build.0 = Release|Any CPU
		{778511F6-D1C4-4C03-B5B0-DF7816C8F600}.Release|x64.ActiveCfg = Release|Any CPU
		{778511F6-D1C4-4C03-B5B0-DF7816C8F600}.Release|x64.Build.0 = Release|Any CPU
		{F83149A5-66F9-4C7E-916E-F7EF8179C144}.Debug|Any CPU.ActiveCfg = Debug|Any CPU
		{F83149A5-66F9-4C7E-916E-F7EF8179C144}.Debug|Any CPU.Build.0 = Debug|Any CPU
		{F83149A5-66F9-4C7E-916E-F7EF8179C144}.Debug|x64.ActiveCfg = Debug|Any CPU
		{F83149A5-66F9-4C7E-916E-F7EF8179C144}.Debug|x64.Build.0 = Debug|Any CPU
		{F83149A5-66F9-4C7E-916E-F7EF8179C144}.Release|Any CPU.ActiveCfg = Release|Any CPU
		{F83149A5-66F9-4C7E-916E-F7EF8179C144}.Release|Any CPU.Build.0 = Release|Any CPU
		{F83149A5-66F9-4C7E-916E-F7EF8179C144}.Release|x64.ActiveCfg = Release|Any CPU
		{F83149A5-66F9-4C7E-916E-F7EF8179C144}.Release|x64.Build.0 = Release|Any CPU
		{718E5902-4895-42E5-B8C0-7013B907D690}.Debug|Any CPU.ActiveCfg = Debug|Any CPU
		{718E5902-4895-42E5-B8C0-7013B907D690}.Debug|Any CPU.Build.0 = Debug|Any CPU
		{718E5902-4895-42E5-B8C0-7013B907D690}.Debug|x64.ActiveCfg = Debug|Any CPU
		{718E5902-4895-42E5-B8C0-7013B907D690}.Debug|x64.Build.0 = Debug|Any CPU
		{718E5902-4895-42E5-B8C0-7013B907D690}.Release|Any CPU.ActiveCfg = Release|Any CPU
		{718E5902-4895-42E5-B8C0-7013B907D690}.Release|Any CPU.Build.0 = Release|Any CPU
		{718E5902-4895-42E5-B8C0-7013B907D690}.Release|x64.ActiveCfg = Release|Any CPU
		{718E5902-4895-42E5-B8C0-7013B907D690}.Release|x64.Build.0 = Release|Any CPU
		{079C7A6A-7B32-45D3-8A7C-1350FBBA4B77}.Debug|Any CPU.ActiveCfg = Debug|Any CPU
		{079C7A6A-7B32-45D3-8A7C-1350FBBA4B77}.Debug|Any CPU.Build.0 = Debug|Any CPU
		{079C7A6A-7B32-45D3-8A7C-1350FBBA4B77}.Debug|x64.ActiveCfg = Debug|Any CPU
		{079C7A6A-7B32-45D3-8A7C-1350FBBA4B77}.Debug|x64.Build.0 = Debug|Any CPU
		{079C7A6A-7B32-45D3-8A7C-1350FBBA4B77}.Release|Any CPU.ActiveCfg = Release|Any CPU
		{079C7A6A-7B32-45D3-8A7C-1350FBBA4B77}.Release|Any CPU.Build.0 = Release|Any CPU
		{079C7A6A-7B32-45D3-8A7C-1350FBBA4B77}.Release|x64.ActiveCfg = Release|Any CPU
		{079C7A6A-7B32-45D3-8A7C-1350FBBA4B77}.Release|x64.Build.0 = Release|Any CPU
		{3B46AE59-7075-4D97-BB40-E02B333A3CA7}.Debug|Any CPU.ActiveCfg = Debug|Any CPU
		{3B46AE59-7075-4D97-BB40-E02B333A3CA7}.Debug|Any CPU.Build.0 = Debug|Any CPU
		{3B46AE59-7075-4D97-BB40-E02B333A3CA7}.Debug|x64.ActiveCfg = Debug|Any CPU
		{3B46AE59-7075-4D97-BB40-E02B333A3CA7}.Debug|x64.Build.0 = Debug|Any CPU
		{3B46AE59-7075-4D97-BB40-E02B333A3CA7}.Release|Any CPU.ActiveCfg = Release|Any CPU
		{3B46AE59-7075-4D97-BB40-E02B333A3CA7}.Release|Any CPU.Build.0 = Release|Any CPU
		{3B46AE59-7075-4D97-BB40-E02B333A3CA7}.Release|x64.ActiveCfg = Release|Any CPU
		{3B46AE59-7075-4D97-BB40-E02B333A3CA7}.Release|x64.Build.0 = Release|Any CPU
	EndGlobalSection
	GlobalSection(SolutionProperties) = preSolution
		HideSolutionNode = FALSE
	EndGlobalSection
	GlobalSection(NestedProjects) = preSolution
		{256A7E80-C1E4-4042-8EAB-BDD180374E92} = {1BF63BAA-1AEA-4ACF-AE82-6DFBF2DF9721}
		{4CE1C699-3103-408E-BEE1-4FF11DF33C6D} = {1BF63BAA-1AEA-4ACF-AE82-6DFBF2DF9721}
		{E0DBA792-DEBE-4062-AD8F-5E4CD4B876A1} = {1BF63BAA-1AEA-4ACF-AE82-6DFBF2DF9721}
		{E8877DC4-7F7F-4D47-B4D7-37136CD297EF} = {1BF63BAA-1AEA-4ACF-AE82-6DFBF2DF9721}
		{6D28C59E-CF80-4603-AA17-4F999C2EEF9F} = {1BF63BAA-1AEA-4ACF-AE82-6DFBF2DF9721}
		{18E5539F-2802-4ACD-B3F5-B6E732ECC7BE} = {1BF63BAA-1AEA-4ACF-AE82-6DFBF2DF9721}
		{8EDEC549-4DD9-4D3E-B737-DBC8CCD0F208} = {1BF63BAA-1AEA-4ACF-AE82-6DFBF2DF9721}
		{B2647708-87B1-4937-8ED4-A76AD24D2091} = {1BF63BAA-1AEA-4ACF-AE82-6DFBF2DF9721}
		{54BF515B-8EC6-4B80-AFAC-77C580EE903E} = {1BF63BAA-1AEA-4ACF-AE82-6DFBF2DF9721}
		{89149E92-7C30-4CFA-B92B-6532844BCE59} = {1BF63BAA-1AEA-4ACF-AE82-6DFBF2DF9721}
		{14848C67-1C40-45D9-93BB-22EC50B1DA5F} = {B1F430F6-BBD4-4EB8-867F-AE21898367EC}
		{778511F6-D1C4-4C03-B5B0-DF7816C8F600} = {B1F430F6-BBD4-4EB8-867F-AE21898367EC}
		{F83149A5-66F9-4C7E-916E-F7EF8179C144} = {B1F430F6-BBD4-4EB8-867F-AE21898367EC}
		{718E5902-4895-42E5-B8C0-7013B907D690} = {B1F430F6-BBD4-4EB8-867F-AE21898367EC}
		{079C7A6A-7B32-45D3-8A7C-1350FBBA4B77} = {B1F430F6-BBD4-4EB8-867F-AE21898367EC}
		{3B46AE59-7075-4D97-BB40-E02B333A3CA7} = {B1F430F6-BBD4-4EB8-867F-AE21898367EC}
	EndGlobalSection
	GlobalSection(ExtensibilityGlobals) = postSolution
		SolutionGuid = {0A543B98-8A08-4E58-AD4C-D80E190C4F38}
	EndGlobalSection
EndGlobal
